
Microsoft Visual Studio Solution File, Format Version 12.00
# Visual Studio 15
VisualStudioVersion = 15.0.28010.2050
MinimumVisualStudioVersion = 10.0.40219.1
Project("{FAE04EC0-301F-11D3-BF4B-00C04F79EFBC}") = "CDatos", "CDatos\CDatos.csproj", "{9CF31BDD-6E8E-4C11-8050-2E7B728364CE}"
EndProject
Project("{FAE04EC0-301F-11D3-BF4B-00C04F79EFBC}") = "CNegocio", "CNegocio\CNegocio.csproj", "{06E06CB3-EC74-4825-8BD8-C890172084C4}"
EndProject
Project("{FAE04EC0-301F-11D3-BF4B-00C04F79EFBC}") = "CPresentacion", "CPresentacion\CPresentacion.csproj", "{BD81E90B-A6A0-437E-AE00-BAEF385E4D1B}"
EndProject
Global
	GlobalSection(SolutionConfigurationPlatforms) = preSolution
		Debug|Any CPU = Debug|Any CPU
		Release|Any CPU = Release|Any CPU
	EndGlobalSection
	GlobalSection(ProjectConfigurationPlatforms) = postSolution
		{9CF31BDD-6E8E-4C11-8050-2E7B728364CE}.Debug|Any CPU.ActiveCfg = Debug|Any CPU
		{9CF31BDD-6E8E-4C11-8050-2E7B728364CE}.Debug|Any CPU.Build.0 = Debug|Any CPU
		{9CF31BDD-6E8E-4C11-8050-2E7B728364CE}.Release|Any CPU.ActiveCfg = Release|Any CPU
		{9CF31BDD-6E8E-4C11-8050-2E7B728364CE}.Release|Any CPU.Build.0 = Release|Any CPU
		{06E06CB3-EC74-4825-8BD8-C890172084C4}.Debug|Any CPU.ActiveCfg = Debug|Any CPU
		{06E06CB3-EC74-4825-8BD8-C890172084C4}.Debug|Any CPU.Build.0 = Debug|Any CPU
		{06E06CB3-EC74-4825-8BD8-C890172084C4}.Release|Any CPU.ActiveCfg = Release|Any CPU
		{06E06CB3-EC74-4825-8BD8-C890172084C4}.Release|Any CPU.Build.0 = Release|Any CPU
		{BD81E90B-A6A0-437E-AE00-BAEF385E4D1B}.Debug|Any CPU.ActiveCfg = Debug|Any CPU
		{BD81E90B-A6A0-437E-AE00-BAEF385E4D1B}.Debug|Any CPU.Build.0 = Debug|Any CPU
		{BD81E90B-A6A0-437E-AE00-BAEF385E4D1B}.Release|Any CPU.ActiveCfg = Release|Any CPU
		{BD81E90B-A6A0-437E-AE00-BAEF385E4D1B}.Release|Any CPU.Build.0 = Release|Any CPU
	EndGlobalSection
	GlobalSection(SolutionProperties) = preSolution
		HideSolutionNode = FALSE
	EndGlobalSection
	GlobalSection(ExtensibilityGlobals) = postSolution
		SolutionGuid = {291ECF2A-A7FC-44DD-81CA-6B5545C44A6C}
	EndGlobalSection
EndGlobal
